// !$*UTF8*$!
{
	archiveVersion = 1;
	classes = {
	};
	objectVersion = 56;
	objects = {

/* Begin PBXBuildFile section */
		2506AB4F2B1F0CDC0029D95A /* ContentView.swift in Sources */ = {isa = PBXBuildFile; fileRef = 2506AB4E2B1F0CDC0029D95A /* ContentView.swift */; };
		2506AB512B21D8920029D95A /* ChampionIcon.swift in Sources */ = {isa = PBXBuildFile; fileRef = 2506AB502B21D8920029D95A /* ChampionIcon.swift */; };
		2506AB552B21E2E00029D95A /* ItemIcon.swift in Sources */ = {isa = PBXBuildFile; fileRef = 2506AB542B21E2E00029D95A /* ItemIcon.swift */; };
		2506AB572B21E82D0029D95A /* SpellIcon.swift in Sources */ = {isa = PBXBuildFile; fileRef = 2506AB562B21E82D0029D95A /* SpellIcon.swift */; };
		2506AB592B21EAB80029D95A /* SpellGroup.swift in Sources */ = {isa = PBXBuildFile; fileRef = 2506AB582B21EAB80029D95A /* SpellGroup.swift */; };
		2506AB5B2B21ECB70029D95A /* ItemGroup.swift in Sources */ = {isa = PBXBuildFile; fileRef = 2506AB5A2B21ECB70029D95A /* ItemGroup.swift */; };
		2506AB5D2B21EDE50029D95A /* MatchInfo.swift in Sources */ = {isa = PBXBuildFile; fileRef = 2506AB5C2B21EDE50029D95A /* MatchInfo.swift */; };
		255759D12B21F10500203F71 /* RuneIcon.swift in Sources */ = {isa = PBXBuildFile; fileRef = 255759D02B21F10500203F71 /* RuneIcon.swift */; };
		255759D32B21F19300203F71 /* RuneGroup.swift in Sources */ = {isa = PBXBuildFile; fileRef = 255759D22B21F19300203F71 /* RuneGroup.swift */; };
		255759D52B21F28300203F71 /* KDA.swift in Sources */ = {isa = PBXBuildFile; fileRef = 255759D42B21F28300203F71 /* KDA.swift */; };
		2563321F2B2C669C008A7F3D /* Pasing.swift in Sources */ = {isa = PBXBuildFile; fileRef = 2563321E2B2C669C008A7F3D /* Pasing.swift */; };
		2568AC702B2F4ECD00DBAD3E /* LolStatAPI.swift in Sources */ = {isa = PBXBuildFile; fileRef = 2568AC6F2B2F4ECD00DBAD3E /* LolStatAPI.swift */; };
		2568AC722B3046BE00DBAD3E /* SummonerInfoPage.swift in Sources */ = {isa = PBXBuildFile; fileRef = 2568AC712B3046BE00DBAD3E /* SummonerInfoPage.swift */; };
		2568AC742B31864F00DBAD3E /* MatchChampionInfo.swift in Sources */ = {isa = PBXBuildFile; fileRef = 2568AC732B31864F00DBAD3E /* MatchChampionInfo.swift */; };
		2570B0942B288982006F6FB6 /* AppStore.swift in Sources */ = {isa = PBXBuildFile; fileRef = 2570B0932B288982006F6FB6 /* AppStore.swift */; };
		25A8BF392B25D9D500240D05 /* response1.json in Resources */ = {isa = PBXBuildFile; fileRef = 25A8BF382B25D9D500240D05 /* response1.json */; };
		25A8BF3B2B26F4EC00240D05 /* MainStore.swift in Sources */ = {isa = PBXBuildFile; fileRef = 25A8BF3A2B26F4EC00240D05 /* MainStore.swift */; };
		25A8BF3D2B26F4FB00240D05 /* RankingStore.swift in Sources */ = {isa = PBXBuildFile; fileRef = 25A8BF3C2B26F4FB00240D05 /* RankingStore.swift */; };
		25B2480C2AFCD88A00C52952 /* LolStat_IosApp.swift in Sources */ = {isa = PBXBuildFile; fileRef = 25B2480B2AFCD88A00C52952 /* LolStat_IosApp.swift */; };
		25B248102AFCD88B00C52952 /* Assets.xcassets in Resources */ = {isa = PBXBuildFile; fileRef = 25B2480F2AFCD88B00C52952 /* Assets.xcassets */; };
		25B248132AFCD88B00C52952 /* Preview Assets.xcassets in Resources */ = {isa = PBXBuildFile; fileRef = 25B248122AFCD88B00C52952 /* Preview Assets.xcassets */; };
		25B248222AFCD99700C52952 /* Const.swift in Sources */ = {isa = PBXBuildFile; fileRef = 25B2481F2AFCD99700C52952 /* Const.swift */; };
		25B248252AFCDA6000C52952 /* ComposableArchitecture in Frameworks */ = {isa = PBXBuildFile; productRef = 25B248242AFCDA6000C52952 /* ComposableArchitecture */; };
		25B248282AFCDD0200C52952 /* UserStore.swift in Sources */ = {isa = PBXBuildFile; fileRef = 25B248272AFCDD0200C52952 /* UserStore.swift */; };
		25B2482B2AFCDD4600C52952 /* Account.swift in Sources */ = {isa = PBXBuildFile; fileRef = 25B2482A2AFCDD4600C52952 /* Account.swift */; };
		25B2482D2AFCDD4E00C52952 /* Match.swift in Sources */ = {isa = PBXBuildFile; fileRef = 25B2482C2AFCDD4E00C52952 /* Match.swift */; };
		25B2482F2AFCDD5400C52952 /* Profile.swift in Sources */ = {isa = PBXBuildFile; fileRef = 25B2482E2AFCDD5400C52952 /* Profile.swift */; };
		25B248312AFCDD5F00C52952 /* Summoner.swift in Sources */ = {isa = PBXBuildFile; fileRef = 25B248302AFCDD5F00C52952 /* Summoner.swift */; };
		25B2484D2AFCF17D00C52952 /* User.swift in Sources */ = {isa = PBXBuildFile; fileRef = 25B2483C2AFCF17D00C52952 /* User.swift */; };
		25B2484E2AFCF17D00C52952 /* SummonerTier.swift in Sources */ = {isa = PBXBuildFile; fileRef = 25B248402AFCF17D00C52952 /* SummonerTier.swift */; };
		25B2484F2AFCF17D00C52952 /* SummonerName.swift in Sources */ = {isa = PBXBuildFile; fileRef = 25B248412AFCF17D00C52952 /* SummonerName.swift */; };
		25B248502AFCF17D00C52952 /* SummonerIcon.swift in Sources */ = {isa = PBXBuildFile; fileRef = 25B248422AFCF17D00C52952 /* SummonerIcon.swift */; };
		25B248512AFCF17D00C52952 /* SummonerInfo.swift in Sources */ = {isa = PBXBuildFile; fileRef = 25B248432AFCF17D00C52952 /* SummonerInfo.swift */; };
		25B248532AFCF17D00C52952 /* Main.swift in Sources */ = {isa = PBXBuildFile; fileRef = 25B248462AFCF17D00C52952 /* Main.swift */; };
		25B248542AFCF17D00C52952 /* SearchInput.swift in Sources */ = {isa = PBXBuildFile; fileRef = 25B2484A2AFCF17D00C52952 /* SearchInput.swift */; };
		25B248552AFCF17D00C52952 /* SearchButton.swift in Sources */ = {isa = PBXBuildFile; fileRef = 25B2484B2AFCF17D00C52952 /* SearchButton.swift */; };
		25B248562AFCF17D00C52952 /* Search.swift in Sources */ = {isa = PBXBuildFile; fileRef = 25B2484C2AFCF17D00C52952 /* Search.swift */; };
/* End PBXBuildFile section */

/* Begin PBXFileReference section */
		2506AB4E2B1F0CDC0029D95A /* ContentView.swift */ = {isa = PBXFileReference; lastKnownFileType = sourcecode.swift; path = ContentView.swift; sourceTree = "<group>"; };
		2506AB502B21D8920029D95A /* ChampionIcon.swift */ = {isa = PBXFileReference; lastKnownFileType = sourcecode.swift; path = ChampionIcon.swift; sourceTree = "<group>"; };
		2506AB542B21E2E00029D95A /* ItemIcon.swift */ = {isa = PBXFileReference; lastKnownFileType = sourcecode.swift; path = ItemIcon.swift; sourceTree = "<group>"; };
		2506AB562B21E82D0029D95A /* SpellIcon.swift */ = {isa = PBXFileReference; lastKnownFileType = sourcecode.swift; path = SpellIcon.swift; sourceTree = "<group>"; };
		2506AB582B21EAB80029D95A /* SpellGroup.swift */ = {isa = PBXFileReference; lastKnownFileType = sourcecode.swift; path = SpellGroup.swift; sourceTree = "<group>"; };
		2506AB5A2B21ECB70029D95A /* ItemGroup.swift */ = {isa = PBXFileReference; lastKnownFileType = sourcecode.swift; path = ItemGroup.swift; sourceTree = "<group>"; };
		2506AB5C2B21EDE50029D95A /* MatchInfo.swift */ = {isa = PBXFileReference; lastKnownFileType = sourcecode.swift; path = MatchInfo.swift; sourceTree = "<group>"; };
		255759D02B21F10500203F71 /* RuneIcon.swift */ = {isa = PBXFileReference; lastKnownFileType = sourcecode.swift; path = RuneIcon.swift; sourceTree = "<group>"; };
		255759D22B21F19300203F71 /* RuneGroup.swift */ = {isa = PBXFileReference; lastKnownFileType = sourcecode.swift; path = RuneGroup.swift; sourceTree = "<group>"; };
		255759D42B21F28300203F71 /* KDA.swift */ = {isa = PBXFileReference; lastKnownFileType = sourcecode.swift; path = KDA.swift; sourceTree = "<group>"; };
		2563321E2B2C669C008A7F3D /* Pasing.swift */ = {isa = PBXFileReference; lastKnownFileType = sourcecode.swift; path = Pasing.swift; sourceTree = "<group>"; };
		2568AC6F2B2F4ECD00DBAD3E /* LolStatAPI.swift */ = {isa = PBXFileReference; lastKnownFileType = sourcecode.swift; path = LolStatAPI.swift; sourceTree = "<group>"; };
		2568AC712B3046BE00DBAD3E /* SummonerInfoPage.swift */ = {isa = PBXFileReference; lastKnownFileType = sourcecode.swift; path = SummonerInfoPage.swift; sourceTree = "<group>"; };
		2568AC732B31864F00DBAD3E /* MatchChampionInfo.swift */ = {isa = PBXFileReference; lastKnownFileType = sourcecode.swift; path = MatchChampionInfo.swift; sourceTree = "<group>"; };
		2570B0932B288982006F6FB6 /* AppStore.swift */ = {isa = PBXFileReference; lastKnownFileType = sourcecode.swift; path = AppStore.swift; sourceTree = "<group>"; };
		25A8BF382B25D9D500240D05 /* response1.json */ = {isa = PBXFileReference; fileEncoding = 4; lastKnownFileType = text.json; path = response1.json; sourceTree = "<group>"; };
		25A8BF3A2B26F4EC00240D05 /* MainStore.swift */ = {isa = PBXFileReference; lastKnownFileType = sourcecode.swift; path = MainStore.swift; sourceTree = "<group>"; };
		25A8BF3C2B26F4FB00240D05 /* RankingStore.swift */ = {isa = PBXFileReference; lastKnownFileType = sourcecode.swift; path = RankingStore.swift; sourceTree = "<group>"; };
		25B248082AFCD88A00C52952 /* LolStat_Ios.app */ = {isa = PBXFileReference; explicitFileType = wrapper.application; includeInIndex = 0; path = LolStat_Ios.app; sourceTree = BUILT_PRODUCTS_DIR; };
		25B2480B2AFCD88A00C52952 /* LolStat_IosApp.swift */ = {isa = PBXFileReference; lastKnownFileType = sourcecode.swift; path = LolStat_IosApp.swift; sourceTree = "<group>"; };
		25B2480F2AFCD88B00C52952 /* Assets.xcassets */ = {isa = PBXFileReference; lastKnownFileType = folder.assetcatalog; path = Assets.xcassets; sourceTree = "<group>"; };
		25B248122AFCD88B00C52952 /* Preview Assets.xcassets */ = {isa = PBXFileReference; lastKnownFileType = folder.assetcatalog; path = "Preview Assets.xcassets"; sourceTree = "<group>"; };
		25B2481F2AFCD99700C52952 /* Const.swift */ = {isa = PBXFileReference; fileEncoding = 4; lastKnownFileType = sourcecode.swift; name = Const.swift; path = LolStat_Ios/Const.swift; sourceTree = SOURCE_ROOT; };
		25B248272AFCDD0200C52952 /* UserStore.swift */ = {isa = PBXFileReference; lastKnownFileType = sourcecode.swift; path = UserStore.swift; sourceTree = "<group>"; };
		25B2482A2AFCDD4600C52952 /* Account.swift */ = {isa = PBXFileReference; lastKnownFileType = sourcecode.swift; path = Account.swift; sourceTree = "<group>"; };
		25B2482C2AFCDD4E00C52952 /* Match.swift */ = {isa = PBXFileReference; lastKnownFileType = sourcecode.swift; path = Match.swift; sourceTree = "<group>"; };
		25B2482E2AFCDD5400C52952 /* Profile.swift */ = {isa = PBXFileReference; lastKnownFileType = sourcecode.swift; path = Profile.swift; sourceTree = "<group>"; };
		25B248302AFCDD5F00C52952 /* Summoner.swift */ = {isa = PBXFileReference; lastKnownFileType = sourcecode.swift; path = Summoner.swift; sourceTree = "<group>"; };
		25B2483C2AFCF17D00C52952 /* User.swift */ = {isa = PBXFileReference; fileEncoding = 4; lastKnownFileType = sourcecode.swift; path = User.swift; sourceTree = "<group>"; };
		25B248402AFCF17D00C52952 /* SummonerTier.swift */ = {isa = PBXFileReference; fileEncoding = 4; lastKnownFileType = sourcecode.swift; path = SummonerTier.swift; sourceTree = "<group>"; };
		25B248412AFCF17D00C52952 /* SummonerName.swift */ = {isa = PBXFileReference; fileEncoding = 4; lastKnownFileType = sourcecode.swift; path = SummonerName.swift; sourceTree = "<group>"; };
		25B248422AFCF17D00C52952 /* SummonerIcon.swift */ = {isa = PBXFileReference; fileEncoding = 4; lastKnownFileType = sourcecode.swift; path = SummonerIcon.swift; sourceTree = "<group>"; };
		25B248432AFCF17D00C52952 /* SummonerInfo.swift */ = {isa = PBXFileReference; fileEncoding = 4; lastKnownFileType = sourcecode.swift; path = SummonerInfo.swift; sourceTree = "<group>"; };
		25B248462AFCF17D00C52952 /* Main.swift */ = {isa = PBXFileReference; fileEncoding = 4; lastKnownFileType = sourcecode.swift; path = Main.swift; sourceTree = "<group>"; };
		25B2484A2AFCF17D00C52952 /* SearchInput.swift */ = {isa = PBXFileReference; fileEncoding = 4; lastKnownFileType = sourcecode.swift; path = SearchInput.swift; sourceTree = "<group>"; };
		25B2484B2AFCF17D00C52952 /* SearchButton.swift */ = {isa = PBXFileReference; fileEncoding = 4; lastKnownFileType = sourcecode.swift; path = SearchButton.swift; sourceTree = "<group>"; };
		25B2484C2AFCF17D00C52952 /* Search.swift */ = {isa = PBXFileReference; fileEncoding = 4; lastKnownFileType = sourcecode.swift; path = Search.swift; sourceTree = "<group>"; };
/* End PBXFileReference section */

/* Begin PBXFrameworksBuildPhase section */
		25B248052AFCD88A00C52952 /* Frameworks */ = {
			isa = PBXFrameworksBuildPhase;
			buildActionMask = 2147483647;
			files = (
				25B248252AFCDA6000C52952 /* ComposableArchitecture in Frameworks */,
			);
			runOnlyForDeploymentPostprocessing = 0;
		};
/* End PBXFrameworksBuildPhase section */

/* Begin PBXGroup section */
		2563321D2B2C668B008A7F3D /* Moc */ = {
			isa = PBXGroup;
			children = (
				25A8BF382B25D9D500240D05 /* response1.json */,
				2563321E2B2C669C008A7F3D /* Pasing.swift */,
			);
			path = Moc;
			sourceTree = "<group>";
		};
		2568AC6E2B2F4EB700DBAD3E /* Dependencies */ = {
			isa = PBXGroup;
			children = (
				2568AC6F2B2F4ECD00DBAD3E /* LolStatAPI.swift */,
			);
			path = Dependencies;
			sourceTree = "<group>";
		};
		25B247FF2AFCD88A00C52952 = {
			isa = PBXGroup;
			children = (
				25B2480A2AFCD88A00C52952 /* LolStat_Ios */,
				25B248092AFCD88A00C52952 /* Products */,
			);
			sourceTree = "<group>";
		};
		25B248092AFCD88A00C52952 /* Products */ = {
			isa = PBXGroup;
			children = (
				25B248082AFCD88A00C52952 /* LolStat_Ios.app */,
			);
			name = Products;
			sourceTree = "<group>";
		};
		25B2480A2AFCD88A00C52952 /* LolStat_Ios */ = {
			isa = PBXGroup;
			children = (
				25B248362AFCF17D00C52952 /* Views */,
				25B248292AFCDD3600C52952 /* Models */,
				25B248262AFCDCDA00C52952 /* Store */,
				25B2481F2AFCD99700C52952 /* Const.swift */,
				25B2480B2AFCD88A00C52952 /* LolStat_IosApp.swift */,
				25B2480F2AFCD88B00C52952 /* Assets.xcassets */,
				25B248112AFCD88B00C52952 /* Preview Content */,
			);
			path = LolStat_Ios;
			sourceTree = "<group>";
		};
		25B248112AFCD88B00C52952 /* Preview Content */ = {
			isa = PBXGroup;
			children = (
				25B248122AFCD88B00C52952 /* Preview Assets.xcassets */,
			);
			path = "Preview Content";
			sourceTree = "<group>";
		};
		25B248262AFCDCDA00C52952 /* Store */ = {
			isa = PBXGroup;
			children = (
				2568AC6E2B2F4EB700DBAD3E /* Dependencies */,
				2563321D2B2C668B008A7F3D /* Moc */,
				25B248272AFCDD0200C52952 /* UserStore.swift */,
				25A8BF3A2B26F4EC00240D05 /* MainStore.swift */,
				25A8BF3C2B26F4FB00240D05 /* RankingStore.swift */,
				2570B0932B288982006F6FB6 /* AppStore.swift */,
			);
			path = Store;
			sourceTree = "<group>";
		};
		25B248292AFCDD3600C52952 /* Models */ = {
			isa = PBXGroup;
			children = (
				25B2482A2AFCDD4600C52952 /* Account.swift */,
				25B2482C2AFCDD4E00C52952 /* Match.swift */,
				25B2482E2AFCDD5400C52952 /* Profile.swift */,
				25B248302AFCDD5F00C52952 /* Summoner.swift */,
			);
			path = Models;
			sourceTree = "<group>";
		};
		25B248362AFCF17D00C52952 /* Views */ = {
			isa = PBXGroup;
			children = (
				25B248372AFCF17D00C52952 /* Record */,
				25B2483B2AFCF17D00C52952 /* User */,
				25B248452AFCF17D00C52952 /* Main */,
				2506AB4E2B1F0CDC0029D95A /* ContentView.swift */,
			);
			path = Views;
			sourceTree = "<group>";
		};
		25B248372AFCF17D00C52952 /* Record */ = {
			isa = PBXGroup;
			children = (
				25B248382AFCF17D00C52952 /* Organisms */,
			);
			path = Record;
			sourceTree = "<group>";
		};
		25B248382AFCF17D00C52952 /* Organisms */ = {
			isa = PBXGroup;
			children = (
				25B248392AFCF17D00C52952 /* Molecules */,
			);
			path = Organisms;
			sourceTree = "<group>";
		};
		25B248392AFCF17D00C52952 /* Molecules */ = {
			isa = PBXGroup;
			children = (
				25B2483A2AFCF17D00C52952 /* Atoms */,
			);
			path = Molecules;
			sourceTree = "<group>";
		};
		25B2483A2AFCF17D00C52952 /* Atoms */ = {
			isa = PBXGroup;
			children = (
			);
			path = Atoms;
			sourceTree = "<group>";
		};
		25B2483B2AFCF17D00C52952 /* User */ = {
			isa = PBXGroup;
			children = (
				25B2483C2AFCF17D00C52952 /* User.swift */,
				25B2483D2AFCF17D00C52952 /* Organisms */,
			);
			path = User;
			sourceTree = "<group>";
		};
		25B2483D2AFCF17D00C52952 /* Organisms */ = {
			isa = PBXGroup;
			children = (
				25B2483E2AFCF17D00C52952 /* Molecules */,
				2568AC712B3046BE00DBAD3E /* SummonerInfoPage.swift */,
			);
			path = Organisms;
			sourceTree = "<group>";
		};
		25B2483E2AFCF17D00C52952 /* Molecules */ = {
			isa = PBXGroup;
			children = (
				25B2483F2AFCF17D00C52952 /* Atoms */,
				25B248432AFCF17D00C52952 /* SummonerInfo.swift */,
				2506AB582B21EAB80029D95A /* SpellGroup.swift */,
				2506AB5A2B21ECB70029D95A /* ItemGroup.swift */,
				255759D22B21F19300203F71 /* RuneGroup.swift */,
				2568AC732B31864F00DBAD3E /* MatchChampionInfo.swift */,
				2506AB5C2B21EDE50029D95A /* MatchInfo.swift */,
			);
			path = Molecules;
			sourceTree = "<group>";
		};
		25B2483F2AFCF17D00C52952 /* Atoms */ = {
			isa = PBXGroup;
			children = (
				25B248402AFCF17D00C52952 /* SummonerTier.swift */,
				25B248412AFCF17D00C52952 /* SummonerName.swift */,
				25B248422AFCF17D00C52952 /* SummonerIcon.swift */,
				2506AB502B21D8920029D95A /* ChampionIcon.swift */,
				2506AB542B21E2E00029D95A /* ItemIcon.swift */,
				2506AB562B21E82D0029D95A /* SpellIcon.swift */,
				255759D02B21F10500203F71 /* RuneIcon.swift */,
				255759D42B21F28300203F71 /* KDA.swift */,
			);
			path = Atoms;
			sourceTree = "<group>";
		};
		25B248452AFCF17D00C52952 /* Main */ = {
			isa = PBXGroup;
			children = (
				25B248462AFCF17D00C52952 /* Main.swift */,
				25B248472AFCF17D00C52952 /* Organisms */,
			);
			path = Main;
			sourceTree = "<group>";
		};
		25B248472AFCF17D00C52952 /* Organisms */ = {
			isa = PBXGroup;
			children = (
				25B248482AFCF17D00C52952 /* Molecules */,
			);
			path = Organisms;
			sourceTree = "<group>";
		};
		25B248482AFCF17D00C52952 /* Molecules */ = {
			isa = PBXGroup;
			children = (
				25B248492AFCF17D00C52952 /* Atoms */,
				25B2484C2AFCF17D00C52952 /* Search.swift */,
			);
			path = Molecules;
			sourceTree = "<group>";
		};
		25B248492AFCF17D00C52952 /* Atoms */ = {
			isa = PBXGroup;
			children = (
				25B2484A2AFCF17D00C52952 /* SearchInput.swift */,
				25B2484B2AFCF17D00C52952 /* SearchButton.swift */,
			);
			path = Atoms;
			sourceTree = "<group>";
		};
/* End PBXGroup section */

/* Begin PBXNativeTarget section */
		25B248072AFCD88A00C52952 /* LolStat_Ios */ = {
			isa = PBXNativeTarget;
			buildConfigurationList = 25B248162AFCD88B00C52952 /* Build configuration list for PBXNativeTarget "LolStat_Ios" */;
			buildPhases = (
				25B248042AFCD88A00C52952 /* Sources */,
				25B248052AFCD88A00C52952 /* Frameworks */,
				25B248062AFCD88A00C52952 /* Resources */,
			);
			buildRules = (
			);
			dependencies = (
			);
			name = LolStat_Ios;
			packageProductDependencies = (
				25B248242AFCDA6000C52952 /* ComposableArchitecture */,
			);
			productName = LolStat_Ios;
			productReference = 25B248082AFCD88A00C52952 /* LolStat_Ios.app */;
			productType = "com.apple.product-type.application";
		};
/* End PBXNativeTarget section */

/* Begin PBXProject section */
		25B248002AFCD88A00C52952 /* Project object */ = {
			isa = PBXProject;
			attributes = {
				BuildIndependentTargetsInParallel = 1;
				LastSwiftUpdateCheck = 1430;
				LastUpgradeCheck = 1500;
				TargetAttributes = {
					25B248072AFCD88A00C52952 = {
						CreatedOnToolsVersion = 14.3.1;
					};
				};
			};
			buildConfigurationList = 25B248032AFCD88A00C52952 /* Build configuration list for PBXProject "LolStat_Ios" */;
			compatibilityVersion = "Xcode 14.0";
			developmentRegion = en;
			hasScannedForEncodings = 0;
			knownRegions = (
				en,
				Base,
			);
			mainGroup = 25B247FF2AFCD88A00C52952;
			packageReferences = (
				25B248232AFCDA6000C52952 /* XCRemoteSwiftPackageReference "swift-composable-architecture" */,
			);
			productRefGroup = 25B248092AFCD88A00C52952 /* Products */;
			projectDirPath = "";
			projectRoot = "";
			targets = (
				25B248072AFCD88A00C52952 /* LolStat_Ios */,
			);
		};
/* End PBXProject section */

/* Begin PBXResourcesBuildPhase section */
		25B248062AFCD88A00C52952 /* Resources */ = {
			isa = PBXResourcesBuildPhase;
			buildActionMask = 2147483647;
			files = (
				25A8BF392B25D9D500240D05 /* response1.json in Resources */,
				25B248132AFCD88B00C52952 /* Preview Assets.xcassets in Resources */,
				25B248102AFCD88B00C52952 /* Assets.xcassets in Resources */,
			);
			runOnlyForDeploymentPostprocessing = 0;
		};
/* End PBXResourcesBuildPhase section */

/* Begin PBXSourcesBuildPhase section */
		25B248042AFCD88A00C52952 /* Sources */ = {
			isa = PBXSourcesBuildPhase;
			buildActionMask = 2147483647;
			files = (
				25B2484F2AFCF17D00C52952 /* SummonerName.swift in Sources */,
				25B248312AFCDD5F00C52952 /* Summoner.swift in Sources */,
				25B248282AFCDD0200C52952 /* UserStore.swift in Sources */,
				25B2482F2AFCDD5400C52952 /* Profile.swift in Sources */,
				255759D12B21F10500203F71 /* RuneIcon.swift in Sources */,
				2568AC742B31864F00DBAD3E /* MatchChampionInfo.swift in Sources */,
				2563321F2B2C669C008A7F3D /* Pasing.swift in Sources */,
				2506AB592B21EAB80029D95A /* SpellGroup.swift in Sources */,
				25B248562AFCF17D00C52952 /* Search.swift in Sources */,
				255759D32B21F19300203F71 /* RuneGroup.swift in Sources */,
				25A8BF3D2B26F4FB00240D05 /* RankingStore.swift in Sources */,
				25B2482B2AFCDD4600C52952 /* Account.swift in Sources */,
				25B248542AFCF17D00C52952 /* SearchInput.swift in Sources */,
				255759D52B21F28300203F71 /* KDA.swift in Sources */,
				25B2484D2AFCF17D00C52952 /* User.swift in Sources */,
				25B248502AFCF17D00C52952 /* SummonerIcon.swift in Sources */,
				2506AB572B21E82D0029D95A /* SpellIcon.swift in Sources */,
				2568AC722B3046BE00DBAD3E /* SummonerInfoPage.swift in Sources */,
				2568AC702B2F4ECD00DBAD3E /* LolStatAPI.swift in Sources */,
				25B2480C2AFCD88A00C52952 /* LolStat_IosApp.swift in Sources */,
				25B2482D2AFCDD4E00C52952 /* Match.swift in Sources */,
				2506AB5D2B21EDE50029D95A /* MatchInfo.swift in Sources */,
				25B2484E2AFCF17D00C52952 /* SummonerTier.swift in Sources */,
				25B248222AFCD99700C52952 /* Const.swift in Sources */,
				2506AB512B21D8920029D95A /* ChampionIcon.swift in Sources */,
				25B248532AFCF17D00C52952 /* Main.swift in Sources */,
				25B248512AFCF17D00C52952 /* SummonerInfo.swift in Sources */,
				25A8BF3B2B26F4EC00240D05 /* MainStore.swift in Sources */,
				2506AB552B21E2E00029D95A /* ItemIcon.swift in Sources */,
				2506AB4F2B1F0CDC0029D95A /* ContentView.swift in Sources */,
				2570B0942B288982006F6FB6 /* AppStore.swift in Sources */,
				2506AB5B2B21ECB70029D95A /* ItemGroup.swift in Sources */,
				25B248552AFCF17D00C52952 /* SearchButton.swift in Sources */,
			);
			runOnlyForDeploymentPostprocessing = 0;
		};
/* End PBXSourcesBuildPhase section */

/* Begin XCBuildConfiguration section */
		25B248142AFCD88B00C52952 /* Debug */ = {
			isa = XCBuildConfiguration;
			buildSettings = {
				ALWAYS_SEARCH_USER_PATHS = NO;
				ASSETCATALOG_COMPILER_GENERATE_SWIFT_ASSET_SYMBOL_EXTENSIONS = YES;
				CLANG_ANALYZER_NONNULL = YES;
				CLANG_ANALYZER_NUMBER_OBJECT_CONVERSION = YES_AGGRESSIVE;
				CLANG_CXX_LANGUAGE_STANDARD = "gnu++20";
				CLANG_ENABLE_MODULES = YES;
				CLANG_ENABLE_OBJC_ARC = YES;
				CLANG_ENABLE_OBJC_WEAK = YES;
				CLANG_WARN_BLOCK_CAPTURE_AUTORELEASING = YES;
				CLANG_WARN_BOOL_CONVERSION = YES;
				CLANG_WARN_COMMA = YES;
				CLANG_WARN_CONSTANT_CONVERSION = YES;
				CLANG_WARN_DEPRECATED_OBJC_IMPLEMENTATIONS = YES;
				CLANG_WARN_DIRECT_OBJC_ISA_USAGE = YES_ERROR;
				CLANG_WARN_DOCUMENTATION_COMMENTS = YES;
				CLANG_WARN_EMPTY_BODY = YES;
				CLANG_WARN_ENUM_CONVERSION = YES;
				CLANG_WARN_INFINITE_RECURSION = YES;
				CLANG_WARN_INT_CONVERSION = YES;
				CLANG_WARN_NON_LITERAL_NULL_CONVERSION = YES;
				CLANG_WARN_OBJC_IMPLICIT_RETAIN_SELF = YES;
				CLANG_WARN_OBJC_LITERAL_CONVERSION = YES;
				CLANG_WARN_OBJC_ROOT_CLASS = YES_ERROR;
				CLANG_WARN_QUOTED_INCLUDE_IN_FRAMEWORK_HEADER = YES;
				CLANG_WARN_RANGE_LOOP_ANALYSIS = YES;
				CLANG_WARN_STRICT_PROTOTYPES = YES;
				CLANG_WARN_SUSPICIOUS_MOVE = YES;
				CLANG_WARN_UNGUARDED_AVAILABILITY = YES_AGGRESSIVE;
				CLANG_WARN_UNREACHABLE_CODE = YES;
				CLANG_WARN__DUPLICATE_METHOD_MATCH = YES;
				COPY_PHASE_STRIP = NO;
				DEBUG_INFORMATION_FORMAT = dwarf;
				ENABLE_STRICT_OBJC_MSGSEND = YES;
				ENABLE_TESTABILITY = YES;
				ENABLE_USER_SCRIPT_SANDBOXING = YES;
				GCC_C_LANGUAGE_STANDARD = gnu11;
				GCC_DYNAMIC_NO_PIC = NO;
				GCC_NO_COMMON_BLOCKS = YES;
				GCC_OPTIMIZATION_LEVEL = 0;
				GCC_PREPROCESSOR_DEFINITIONS = (
					"DEBUG=1",
					"$(inherited)",
				);
				GCC_WARN_64_TO_32_BIT_CONVERSION = YES;
				GCC_WARN_ABOUT_RETURN_TYPE = YES_ERROR;
				GCC_WARN_UNDECLARED_SELECTOR = YES;
				GCC_WARN_UNINITIALIZED_AUTOS = YES_AGGRESSIVE;
				GCC_WARN_UNUSED_FUNCTION = YES;
				GCC_WARN_UNUSED_VARIABLE = YES;
				IPHONEOS_DEPLOYMENT_TARGET = 16.4;
				MTL_ENABLE_DEBUG_INFO = INCLUDE_SOURCE;
				MTL_FAST_MATH = YES;
				ONLY_ACTIVE_ARCH = YES;
				SDKROOT = iphoneos;
				SWIFT_ACTIVE_COMPILATION_CONDITIONS = DEBUG;
				SWIFT_OPTIMIZATION_LEVEL = "-Onone";
			};
			name = Debug;
		};
		25B248152AFCD88B00C52952 /* Release */ = {
			isa = XCBuildConfiguration;
			buildSettings = {
				ALWAYS_SEARCH_USER_PATHS = NO;
				ASSETCATALOG_COMPILER_GENERATE_SWIFT_ASSET_SYMBOL_EXTENSIONS = YES;
				CLANG_ANALYZER_NONNULL = YES;
				CLANG_ANALYZER_NUMBER_OBJECT_CONVERSION = YES_AGGRESSIVE;
				CLANG_CXX_LANGUAGE_STANDARD = "gnu++20";
				CLANG_ENABLE_MODULES = YES;
				CLANG_ENABLE_OBJC_ARC = YES;
				CLANG_ENABLE_OBJC_WEAK = YES;
				CLANG_WARN_BLOCK_CAPTURE_AUTORELEASING = YES;
				CLANG_WARN_BOOL_CONVERSION = YES;
				CLANG_WARN_COMMA = YES;
				CLANG_WARN_CONSTANT_CONVERSION = YES;
				CLANG_WARN_DEPRECATED_OBJC_IMPLEMENTATIONS = YES;
				CLANG_WARN_DIRECT_OBJC_ISA_USAGE = YES_ERROR;
				CLANG_WARN_DOCUMENTATION_COMMENTS = YES;
				CLANG_WARN_EMPTY_BODY = YES;
				CLANG_WARN_ENUM_CONVERSION = YES;
				CLANG_WARN_INFINITE_RECURSION = YES;
				CLANG_WARN_INT_CONVERSION = YES;
				CLANG_WARN_NON_LITERAL_NULL_CONVERSION = YES;
				CLANG_WARN_OBJC_IMPLICIT_RETAIN_SELF = YES;
				CLANG_WARN_OBJC_LITERAL_CONVERSION = YES;
				CLANG_WARN_OBJC_ROOT_CLASS = YES_ERROR;
				CLANG_WARN_QUOTED_INCLUDE_IN_FRAMEWORK_HEADER = YES;
				CLANG_WARN_RANGE_LOOP_ANALYSIS = YES;
				CLANG_WARN_STRICT_PROTOTYPES = YES;
				CLANG_WARN_SUSPICIOUS_MOVE = YES;
				CLANG_WARN_UNGUARDED_AVAILABILITY = YES_AGGRESSIVE;
				CLANG_WARN_UNREACHABLE_CODE = YES;
				CLANG_WARN__DUPLICATE_METHOD_MATCH = YES;
				COPY_PHASE_STRIP = NO;
				DEBUG_INFORMATION_FORMAT = "dwarf-with-dsym";
				ENABLE_NS_ASSERTIONS = NO;
				ENABLE_STRICT_OBJC_MSGSEND = YES;
				ENABLE_USER_SCRIPT_SANDBOXING = YES;
				GCC_C_LANGUAGE_STANDARD = gnu11;
				GCC_NO_COMMON_BLOCKS = YES;
				GCC_WARN_64_TO_32_BIT_CONVERSION = YES;
				GCC_WARN_ABOUT_RETURN_TYPE = YES_ERROR;
				GCC_WARN_UNDECLARED_SELECTOR = YES;
				GCC_WARN_UNINITIALIZED_AUTOS = YES_AGGRESSIVE;
				GCC_WARN_UNUSED_FUNCTION = YES;
				GCC_WARN_UNUSED_VARIABLE = YES;
				IPHONEOS_DEPLOYMENT_TARGET = 16.4;
				MTL_ENABLE_DEBUG_INFO = NO;
				MTL_FAST_MATH = YES;
				SDKROOT = iphoneos;
				SWIFT_COMPILATION_MODE = wholemodule;
				SWIFT_OPTIMIZATION_LEVEL = "-O";
				VALIDATE_PRODUCT = YES;
			};
			name = Release;
		};
		25B248172AFCD88B00C52952 /* Debug */ = {
			isa = XCBuildConfiguration;
			buildSettings = {
				ASSETCATALOG_COMPILER_APPICON_NAME = AppIcon;
				ASSETCATALOG_COMPILER_GLOBAL_ACCENT_COLOR_NAME = AccentColor;
				CODE_SIGN_STYLE = Automatic;
				CURRENT_PROJECT_VERSION = 1;
				DEVELOPMENT_ASSET_PATHS = "\"LolStat_Ios/Preview Content\"";
				DEVELOPMENT_TEAM = 6PA7VULA6F;
				ENABLE_PREVIEWS = YES;
				GENERATE_INFOPLIST_FILE = YES;
				INFOPLIST_FILE = "LolStat-Ios-Info.plist";
				INFOPLIST_KEY_CFBundleDisplayName = "롤스탯";
				INFOPLIST_KEY_LSApplicationCategoryType = "public.app-category.games";
				INFOPLIST_KEY_UIApplicationSceneManifest_Generation = YES;
				INFOPLIST_KEY_UIApplicationSupportsIndirectInputEvents = YES;
				INFOPLIST_KEY_UILaunchScreen_Generation = YES;
				INFOPLIST_KEY_UIStatusBarStyle = "";
				INFOPLIST_KEY_UISupportedInterfaceOrientations_iPad = "UIInterfaceOrientationPortrait UIInterfaceOrientationPortraitUpsideDown UIInterfaceOrientationLandscapeLeft UIInterfaceOrientationLandscapeRight";
				INFOPLIST_KEY_UISupportedInterfaceOrientations_iPhone = "UIInterfaceOrientationPortrait UIInterfaceOrientationLandscapeLeft UIInterfaceOrientationLandscapeRight";
				LD_RUNPATH_SEARCH_PATHS = (
					"$(inherited)",
					"@executable_path/Frameworks",
				);
				MARKETING_VERSION = 1.0;
				PRODUCT_BUNDLE_IDENTIFIER = "HeeCheol.LolStat-Ios";
				PRODUCT_NAME = "$(TARGET_NAME)";
				SWIFT_EMIT_LOC_STRINGS = YES;
				SWIFT_VERSION = 5.0;
				TARGETED_DEVICE_FAMILY = "1,2";
			};
			name = Debug;
		};
		25B248182AFCD88B00C52952 /* Release */ = {
			isa = XCBuildConfiguration;
			buildSettings = {
				ASSETCATALOG_COMPILER_APPICON_NAME = AppIcon;
				ASSETCATALOG_COMPILER_GLOBAL_ACCENT_COLOR_NAME = AccentColor;
				CODE_SIGN_STYLE = Automatic;
				CURRENT_PROJECT_VERSION = 1;
				DEVELOPMENT_ASSET_PATHS = "\"LolStat_Ios/Preview Content\"";
				DEVELOPMENT_TEAM = 6PA7VULA6F;
				ENABLE_PREVIEWS = YES;
				GENERATE_INFOPLIST_FILE = YES;
				INFOPLIST_FILE = "LolStat-Ios-Info.plist";
				INFOPLIST_KEY_CFBundleDisplayName = "롤스탯";
				INFOPLIST_KEY_LSApplicationCategoryType = "public.app-category.games";
				INFOPLIST_KEY_UIApplicationSceneManifest_Generation = YES;
				INFOPLIST_KEY_UIApplicationSupportsIndirectInputEvents = YES;
				INFOPLIST_KEY_UILaunchScreen_Generation = YES;
				INFOPLIST_KEY_UIStatusBarStyle = "";
				INFOPLIST_KEY_UISupportedInterfaceOrientations_iPad = "UIInterfaceOrientationPortrait UIInterfaceOrientationPortraitUpsideDown UIInterfaceOrientationLandscapeLeft UIInterfaceOrientationLandscapeRight";
				INFOPLIST_KEY_UISupportedInterfaceOrientations_iPhone = "UIInterfaceOrientationPortrait UIInterfaceOrientationLandscapeLeft UIInterfaceOrientationLandscapeRight";
				LD_RUNPATH_SEARCH_PATHS = (
					"$(inherited)",
					"@executable_path/Frameworks",
				);
				MARKETING_VERSION = 1.0;
				PRODUCT_BUNDLE_IDENTIFIER = "HeeCheol.LolStat-Ios";
				PRODUCT_NAME = "$(TARGET_NAME)";
				SWIFT_EMIT_LOC_STRINGS = YES;
				SWIFT_VERSION = 5.0;
				TARGETED_DEVICE_FAMILY = "1,2";
			};
			name = Release;
		};
/* End XCBuildConfiguration section */

/* Begin XCConfigurationList section */
		25B248032AFCD88A00C52952 /* Build configuration list for PBXProject "LolStat_Ios" */ = {
			isa = XCConfigurationList;
			buildConfigurations = (
				25B248142AFCD88B00C52952 /* Debug */,
				25B248152AFCD88B00C52952 /* Release */,
			);
			defaultConfigurationIsVisible = 0;
			defaultConfigurationName = Release;
		};
		25B248162AFCD88B00C52952 /* Build configuration list for PBXNativeTarget "LolStat_Ios" */ = {
			isa = XCConfigurationList;
			buildConfigurations = (
				25B248172AFCD88B00C52952 /* Debug */,
				25B248182AFCD88B00C52952 /* Release */,
			);
			defaultConfigurationIsVisible = 0;
			defaultConfigurationName = Release;
		};
/* End XCConfigurationList section */

/* Begin XCRemoteSwiftPackageReference section */
		25B248232AFCDA6000C52952 /* XCRemoteSwiftPackageReference "swift-composable-architecture" */ = {
			isa = XCRemoteSwiftPackageReference;
			repositoryURL = "https://github.com/pointfreeco/swift-composable-architecture";
			requirement = {
				kind = upToNextMajorVersion;
				minimumVersion = 1.0.0;
			};
		};
/* End XCRemoteSwiftPackageReference section */

/* Begin XCSwiftPackageProductDependency section */
		25B248242AFCDA6000C52952 /* ComposableArchitecture */ = {
			isa = XCSwiftPackageProductDependency;
			package = 25B248232AFCDA6000C52952 /* XCRemoteSwiftPackageReference "swift-composable-architecture" */;
			productName = ComposableArchitecture;
		};
/* End XCSwiftPackageProductDependency section */
	};
	rootObject = 25B248002AFCD88A00C52952 /* Project object */;
}
